// !$*UTF8*$!
{
	archiveVersion = 1;
	classes = {
	};
	objectVersion = 50;
	objects = {

/* Begin PBXBuildFile section */
		1B0A520424022E1500A7A5D2 /* SelectionHeaderAndFooterDelegateViewController.swift in Sources */ = {isa = PBXBuildFile; fileRef = 1B0A520324022E1500A7A5D2 /* SelectionHeaderAndFooterDelegateViewController.swift */; };
		1B0A520624022E6400A7A5D2 /* Resion.swift in Sources */ = {isa = PBXBuildFile; fileRef = 1B0A520524022E6400A7A5D2 /* Resion.swift */; };
		1B0A5210240233FC00A7A5D2 /* SelectionHeaderAndFooternIBViewController.swift in Sources */ = {isa = PBXBuildFile; fileRef = 1B0A520F240233FC00A7A5D2 /* SelectionHeaderAndFooternIBViewController.swift */; };
		1B0A52122402361200A7A5D2 /* CustomHeader.xib in Resources */ = {isa = PBXBuildFile; fileRef = 1B0A52112402361200A7A5D2 /* CustomHeader.xib */; };
		1B0A521424023DE000A7A5D2 /* CustomHeaderView.swift in Sources */ = {isa = PBXBuildFile; fileRef = 1B0A521324023DE000A7A5D2 /* CustomHeaderView.swift */; };
		1B0A52192402831D00A7A5D2 /* SectionIndexViewController.swift in Sources */ = {isa = PBXBuildFile; fileRef = 1B0A52182402831D00A7A5D2 /* SectionIndexViewController.swift */; };
		1B0A521C2402877600A7A5D2 /* HeaderFooterViewController.swift in Sources */ = {isa = PBXBuildFile; fileRef = 1B0A521B2402877600A7A5D2 /* HeaderFooterViewController.swift */; };
		1B0A521F24028EF100A7A5D2 /* SingleSelectionViewController.swift in Sources */ = {isa = PBXBuildFile; fileRef = 1B0A521E24028EF100A7A5D2 /* SingleSelectionViewController.swift */; };
		1B5E36C92400FD5A00EA7E8B /* AppDelegate.swift in Sources */ = {isa = PBXBuildFile; fileRef = 1B5E36C82400FD5A00EA7E8B /* AppDelegate.swift */; };
		1B5E36CB2400FD5A00EA7E8B /* SceneDelegate.swift in Sources */ = {isa = PBXBuildFile; fileRef = 1B5E36CA2400FD5A00EA7E8B /* SceneDelegate.swift */; };
		1B5E36CD2400FD5A00EA7E8B /* ViewController.swift in Sources */ = {isa = PBXBuildFile; fileRef = 1B5E36CC2400FD5A00EA7E8B /* ViewController.swift */; };
		1B5E36D02400FD5A00EA7E8B /* Main.storyboard in Resources */ = {isa = PBXBuildFile; fileRef = 1B5E36CE2400FD5A00EA7E8B /* Main.storyboard */; };
		1B5E36D22400FD5D00EA7E8B /* Assets.xcassets in Resources */ = {isa = PBXBuildFile; fileRef = 1B5E36D12400FD5D00EA7E8B /* Assets.xcassets */; };
		1B5E36D52400FD5D00EA7E8B /* LaunchScreen.storyboard in Resources */ = {isa = PBXBuildFile; fileRef = 1B5E36D32400FD5D00EA7E8B /* LaunchScreen.storyboard */; };
		1B5E36DE24010C6400EA7E8B /* DelegatePatternViewController.swift in Sources */ = {isa = PBXBuildFile; fileRef = 1B5E36DD24010C6400EA7E8B /* DelegatePatternViewController.swift */; };
		1B5E36E124010FCB00EA7E8B /* MultiSectionTableViewViewController.swift in Sources */ = {isa = PBXBuildFile; fileRef = 1B5E36E024010FCB00EA7E8B /* MultiSectionTableViewViewController.swift */; };
		1B5E36E32401101D00EA7E8B /* PhotosSetting.swift in Sources */ = {isa = PBXBuildFile; fileRef = 1B5E36E22401101D00EA7E8B /* PhotosSetting.swift */; };
		1B5E36E624011BAB00EA7E8B /* SwitchTableViewCell.swift in Sources */ = {isa = PBXBuildFile; fileRef = 1B5E36E524011BAB00EA7E8B /* SwitchTableViewCell.swift */; };
		1B5E36E824011CA700EA7E8B /* SeparatorViewController.swift in Sources */ = {isa = PBXBuildFile; fileRef = 1B5E36E724011CA700EA7E8B /* SeparatorViewController.swift */; };
		1B5E36EA240123B600EA7E8B /* TableViewCellViewController.swift in Sources */ = {isa = PBXBuildFile; fileRef = 1B5E36E9240123B600EA7E8B /* TableViewCellViewController.swift */; };
		1B5E36EC2401288700EA7E8B /* DetailViewController.swift in Sources */ = {isa = PBXBuildFile; fileRef = 1B5E36EB2401288700EA7E8B /* DetailViewController.swift */; };
		1B5E36EE24012E4B00EA7E8B /* AccessoryViewViewController.swift in Sources */ = {isa = PBXBuildFile; fileRef = 1B5E36ED24012E4B00EA7E8B /* AccessoryViewViewController.swift */; };
		1B5E36F02401342800EA7E8B /* CustomAccessoryTableViewCell.swift in Sources */ = {isa = PBXBuildFile; fileRef = 1B5E36EF2401342800EA7E8B /* CustomAccessoryTableViewCell.swift */; };
		1B5E36FA24015D6E00EA7E8B /* SelfSizingCellViewController.swift in Sources */ = {isa = PBXBuildFile; fileRef = 1B5E36F924015D6E00EA7E8B /* SelfSizingCellViewController.swift */; };
		1B5E36FC240165D300EA7E8B /* CustomCellTagViewController.swift in Sources */ = {isa = PBXBuildFile; fileRef = 1B5E36FB240165D300EA7E8B /* CustomCellTagViewController.swift */; };
		1B5E36FE2401660300EA7E8B /* WorldTime.swift in Sources */ = {isa = PBXBuildFile; fileRef = 1B5E36FD2401660300EA7E8B /* WorldTime.swift */; };
		1B5E370024016C0A00EA7E8B /* CustomCellUITableViewCellViewController.swift in Sources */ = {isa = PBXBuildFile; fileRef = 1B5E36FF24016C0A00EA7E8B /* CustomCellUITableViewCellViewController.swift */; };
		1B5E37022401704000EA7E8B /* TimeTableViewCell.swift in Sources */ = {isa = PBXBuildFile; fileRef = 1B5E37012401704000EA7E8B /* TimeTableViewCell.swift */; };
		1B5E37052401729000EA7E8B /* CustomCellNibViewController.swift in Sources */ = {isa = PBXBuildFile; fileRef = 1B5E37042401729000EA7E8B /* CustomCellNibViewController.swift */; };
		1B5E37072401732100EA7E8B /* SharedCustomCell.xib in Resources */ = {isa = PBXBuildFile; fileRef = 1B5E37062401732100EA7E8B /* SharedCustomCell.xib */; };
/* End PBXBuildFile section */

/* Begin PBXFileReference section */
		1B0A520324022E1500A7A5D2 /* SelectionHeaderAndFooterDelegateViewController.swift */ = {isa = PBXFileReference; lastKnownFileType = sourcecode.swift; path = SelectionHeaderAndFooterDelegateViewController.swift; sourceTree = "<group>"; };
		1B0A520524022E6400A7A5D2 /* Resion.swift */ = {isa = PBXFileReference; lastKnownFileType = sourcecode.swift; path = Resion.swift; sourceTree = "<group>"; };
		1B0A520F240233FC00A7A5D2 /* SelectionHeaderAndFooternIBViewController.swift */ = {isa = PBXFileReference; lastKnownFileType = sourcecode.swift; path = SelectionHeaderAndFooternIBViewController.swift; sourceTree = "<group>"; };
		1B0A52112402361200A7A5D2 /* CustomHeader.xib */ = {isa = PBXFileReference; lastKnownFileType = file.xib; path = CustomHeader.xib; sourceTree = "<group>"; };
		1B0A521324023DE000A7A5D2 /* CustomHeaderView.swift */ = {isa = PBXFileReference; lastKnownFileType = sourcecode.swift; path = CustomHeaderView.swift; sourceTree = "<group>"; };
		1B0A52182402831D00A7A5D2 /* SectionIndexViewController.swift */ = {isa = PBXFileReference; lastKnownFileType = sourcecode.swift; path = SectionIndexViewController.swift; sourceTree = "<group>"; };
		1B0A521B2402877600A7A5D2 /* HeaderFooterViewController.swift */ = {isa = PBXFileReference; lastKnownFileType = sourcecode.swift; path = HeaderFooterViewController.swift; sourceTree = "<group>"; };
		1B0A521E24028EF100A7A5D2 /* SingleSelectionViewController.swift */ = {isa = PBXFileReference; lastKnownFileType = sourcecode.swift; path = SingleSelectionViewController.swift; sourceTree = "<group>"; };
		1B5E36C52400FD5A00EA7E8B /* TableViewStudy.app */ = {isa = PBXFileReference; explicitFileType = wrapper.application; includeInIndex = 0; path = TableViewStudy.app; sourceTree = BUILT_PRODUCTS_DIR; };
		1B5E36C82400FD5A00EA7E8B /* AppDelegate.swift */ = {isa = PBXFileReference; lastKnownFileType = sourcecode.swift; path = AppDelegate.swift; sourceTree = "<group>"; };
		1B5E36CA2400FD5A00EA7E8B /* SceneDelegate.swift */ = {isa = PBXFileReference; lastKnownFileType = sourcecode.swift; path = SceneDelegate.swift; sourceTree = "<group>"; };
		1B5E36CC2400FD5A00EA7E8B /* ViewController.swift */ = {isa = PBXFileReference; lastKnownFileType = sourcecode.swift; path = ViewController.swift; sourceTree = "<group>"; };
		1B5E36CF2400FD5A00EA7E8B /* Base */ = {isa = PBXFileReference; lastKnownFileType = file.storyboard; name = Base; path = Base.lproj/Main.storyboard; sourceTree = "<group>"; };
		1B5E36D12400FD5D00EA7E8B /* Assets.xcassets */ = {isa = PBXFileReference; lastKnownFileType = folder.assetcatalog; path = Assets.xcassets; sourceTree = "<group>"; };
		1B5E36D42400FD5D00EA7E8B /* Base */ = {isa = PBXFileReference; lastKnownFileType = file.storyboard; name = Base; path = Base.lproj/LaunchScreen.storyboard; sourceTree = "<group>"; };
		1B5E36D62400FD5D00EA7E8B /* Info.plist */ = {isa = PBXFileReference; lastKnownFileType = text.plist.xml; path = Info.plist; sourceTree = "<group>"; };
		1B5E36DD24010C6400EA7E8B /* DelegatePatternViewController.swift */ = {isa = PBXFileReference; lastKnownFileType = sourcecode.swift; path = DelegatePatternViewController.swift; sourceTree = "<group>"; };
		1B5E36E024010FCB00EA7E8B /* MultiSectionTableViewViewController.swift */ = {isa = PBXFileReference; lastKnownFileType = sourcecode.swift; path = MultiSectionTableViewViewController.swift; sourceTree = "<group>"; };
		1B5E36E22401101D00EA7E8B /* PhotosSetting.swift */ = {isa = PBXFileReference; lastKnownFileType = sourcecode.swift; path = PhotosSetting.swift; sourceTree = "<group>"; };
		1B5E36E524011BAB00EA7E8B /* SwitchTableViewCell.swift */ = {isa = PBXFileReference; lastKnownFileType = sourcecode.swift; path = SwitchTableViewCell.swift; sourceTree = "<group>"; };
		1B5E36E724011CA700EA7E8B /* SeparatorViewController.swift */ = {isa = PBXFileReference; lastKnownFileType = sourcecode.swift; path = SeparatorViewController.swift; sourceTree = "<group>"; };
		1B5E36E9240123B600EA7E8B /* TableViewCellViewController.swift */ = {isa = PBXFileReference; lastKnownFileType = sourcecode.swift; path = TableViewCellViewController.swift; sourceTree = "<group>"; };
		1B5E36EB2401288700EA7E8B /* DetailViewController.swift */ = {isa = PBXFileReference; lastKnownFileType = sourcecode.swift; path = DetailViewController.swift; sourceTree = "<group>"; };
		1B5E36ED24012E4B00EA7E8B /* AccessoryViewViewController.swift */ = {isa = PBXFileReference; lastKnownFileType = sourcecode.swift; path = AccessoryViewViewController.swift; sourceTree = "<group>"; };
		1B5E36EF2401342800EA7E8B /* CustomAccessoryTableViewCell.swift */ = {isa = PBXFileReference; lastKnownFileType = sourcecode.swift; path = CustomAccessoryTableViewCell.swift; sourceTree = "<group>"; };
		1B5E36F924015D6E00EA7E8B /* SelfSizingCellViewController.swift */ = {isa = PBXFileReference; lastKnownFileType = sourcecode.swift; path = SelfSizingCellViewController.swift; sourceTree = "<group>"; };
		1B5E36FB240165D300EA7E8B /* CustomCellTagViewController.swift */ = {isa = PBXFileReference; lastKnownFileType = sourcecode.swift; path = CustomCellTagViewController.swift; sourceTree = "<group>"; };
		1B5E36FD2401660300EA7E8B /* WorldTime.swift */ = {isa = PBXFileReference; lastKnownFileType = sourcecode.swift; path = WorldTime.swift; sourceTree = "<group>"; };
		1B5E36FF24016C0A00EA7E8B /* CustomCellUITableViewCellViewController.swift */ = {isa = PBXFileReference; lastKnownFileType = sourcecode.swift; path = CustomCellUITableViewCellViewController.swift; sourceTree = "<group>"; };
		1B5E37012401704000EA7E8B /* TimeTableViewCell.swift */ = {isa = PBXFileReference; lastKnownFileType = sourcecode.swift; path = TimeTableViewCell.swift; sourceTree = "<group>"; };
		1B5E37042401729000EA7E8B /* CustomCellNibViewController.swift */ = {isa = PBXFileReference; lastKnownFileType = sourcecode.swift; path = CustomCellNibViewController.swift; sourceTree = "<group>"; };
		1B5E37062401732100EA7E8B /* SharedCustomCell.xib */ = {isa = PBXFileReference; lastKnownFileType = file.xib; path = SharedCustomCell.xib; sourceTree = "<group>"; };
/* End PBXFileReference section */

/* Begin PBXFrameworksBuildPhase section */
		1B5E36C22400FD5A00EA7E8B /* Frameworks */ = {
			isa = PBXFrameworksBuildPhase;
			buildActionMask = 2147483647;
			files = (
			);
			runOnlyForDeploymentPostprocessing = 0;
		};
/* End PBXFrameworksBuildPhase section */

/* Begin PBXGroup section */
		1B0A520724022ED900A7A5D2 /* DelegatePattern */ = {
			isa = PBXGroup;
			children = (
				1B5E36DD24010C6400EA7E8B /* DelegatePatternViewController.swift */,
			);
			path = DelegatePattern;
			sourceTree = "<group>";
		};
		1B0A520824022EFD00A7A5D2 /* MultiSection */ = {
			isa = PBXGroup;
			children = (
				1B5E36E024010FCB00EA7E8B /* MultiSectionTableViewViewController.swift */,
			);
			path = MultiSection;
			sourceTree = "<group>";
		};
		1B0A520924022F1B00A7A5D2 /* Separator */ = {
			isa = PBXGroup;
			children = (
				1B5E36E724011CA700EA7E8B /* SeparatorViewController.swift */,
			);
			path = Separator;
			sourceTree = "<group>";
		};
		1B0A520A24022F2800A7A5D2 /* TableViewCell */ = {
			isa = PBXGroup;
			children = (
				1B5E36EB2401288700EA7E8B /* DetailViewController.swift */,
				1B5E36E9240123B600EA7E8B /* TableViewCellViewController.swift */,
			);
			path = TableViewCell;
			sourceTree = "<group>";
		};
		1B0A520B24022F3700A7A5D2 /* AccessoryView */ = {
			isa = PBXGroup;
			children = (
				1B5E36ED24012E4B00EA7E8B /* AccessoryViewViewController.swift */,
			);
			path = AccessoryView;
			sourceTree = "<group>";
		};
		1B0A520C24022F4000A7A5D2 /* SelfSizingCell */ = {
			isa = PBXGroup;
			children = (
				1B5E36F924015D6E00EA7E8B /* SelfSizingCellViewController.swift */,
			);
			path = SelfSizingCell;
			sourceTree = "<group>";
		};
		1B0A520D24022F4A00A7A5D2 /* CustomizingSection */ = {
			isa = PBXGroup;
			children = (
				1B0A520324022E1500A7A5D2 /* SelectionHeaderAndFooterDelegateViewController.swift */,
				1B0A520F240233FC00A7A5D2 /* SelectionHeaderAndFooternIBViewController.swift */,
			);
			path = CustomizingSection;
			sourceTree = "<group>";
		};
		1B0A520E24022F5B00A7A5D2 /* CustomCell */ = {
			isa = PBXGroup;
			children = (
				1B5E36FB240165D300EA7E8B /* CustomCellTagViewController.swift */,
				1B5E36FF24016C0A00EA7E8B /* CustomCellUITableViewCellViewController.swift */,
				1B5E37042401729000EA7E8B /* CustomCellNibViewController.swift */,
			);
			path = CustomCell;
			sourceTree = "<group>";
		};
		1B0A5217240282F700A7A5D2 /* SectionIndexTitles */ = {
			isa = PBXGroup;
			children = (
				1B0A52182402831D00A7A5D2 /* SectionIndexViewController.swift */,
			);
			path = SectionIndexTitles;
			sourceTree = "<group>";
		};
		1B0A521A2402875D00A7A5D2 /* TableHeaderViewAndFooterView */ = {
			isa = PBXGroup;
			children = (
				1B0A521B2402877600A7A5D2 /* HeaderFooterViewController.swift */,
			);
			path = TableHeaderViewAndFooterView;
			sourceTree = "<group>";
		};
		1B0A521D24028ED000A7A5D2 /* Managing Selection */ = {
			isa = PBXGroup;
			children = (
				1B0A521E24028EF100A7A5D2 /* SingleSelectionViewController.swift */,
			);
			path = "Managing Selection";
			sourceTree = "<group>";
		};
		1B5E36BC2400FD5A00EA7E8B = {
			isa = PBXGroup;
			children = (
				1B5E36C72400FD5A00EA7E8B /* TableViewStudy */,
				1B5E36C62400FD5A00EA7E8B /* Products */,
			);
			sourceTree = "<group>";
		};
		1B5E36C62400FD5A00EA7E8B /* Products */ = {
			isa = PBXGroup;
			children = (
				1B5E36C52400FD5A00EA7E8B /* TableViewStudy.app */,
			);
			name = Products;
			sourceTree = "<group>";
		};
		1B5E36C72400FD5A00EA7E8B /* TableViewStudy */ = {
			isa = PBXGroup;
			children = (
				1B5E37032401725200EA7E8B /* Nib */,
				1B5E36E424011B9600EA7E8B /* Utility */,
				1B5E36DF24010F3C00EA7E8B /* Model */,
				1B5E36DC24010C4C00EA7E8B /* Controller */,
				1B5E36C82400FD5A00EA7E8B /* AppDelegate.swift */,
				1B5E36CA2400FD5A00EA7E8B /* SceneDelegate.swift */,
				1B5E36CC2400FD5A00EA7E8B /* ViewController.swift */,
				1B5E36CE2400FD5A00EA7E8B /* Main.storyboard */,
				1B5E36D12400FD5D00EA7E8B /* Assets.xcassets */,
				1B5E36D32400FD5D00EA7E8B /* LaunchScreen.storyboard */,
				1B5E36D62400FD5D00EA7E8B /* Info.plist */,
			);
			path = TableViewStudy;
			sourceTree = "<group>";
		};
		1B5E36DC24010C4C00EA7E8B /* Controller */ = {
			isa = PBXGroup;
			children = (
				1B0A521D24028ED000A7A5D2 /* Managing Selection */,
				1B0A521A2402875D00A7A5D2 /* TableHeaderViewAndFooterView */,
				1B0A5217240282F700A7A5D2 /* SectionIndexTitles */,
				1B0A520E24022F5B00A7A5D2 /* CustomCell */,
				1B0A520D24022F4A00A7A5D2 /* CustomizingSection */,
				1B0A520C24022F4000A7A5D2 /* SelfSizingCell */,
				1B0A520B24022F3700A7A5D2 /* AccessoryView */,
				1B0A520A24022F2800A7A5D2 /* TableViewCell */,
				1B0A520924022F1B00A7A5D2 /* Separator */,
				1B0A520824022EFD00A7A5D2 /* MultiSection */,
				1B0A520724022ED900A7A5D2 /* DelegatePattern */,
			);
			path = Controller;
			sourceTree = "<group>";
		};
		1B5E36DF24010F3C00EA7E8B /* Model */ = {
			isa = PBXGroup;
			children = (
				1B5E36E22401101D00EA7E8B /* PhotosSetting.swift */,
				1B5E36FD2401660300EA7E8B /* WorldTime.swift */,
				1B0A520524022E6400A7A5D2 /* Resion.swift */,
			);
			path = Model;
			sourceTree = "<group>";
		};
		1B5E36E424011B9600EA7E8B /* Utility */ = {
			isa = PBXGroup;
			children = (
				1B5E36E524011BAB00EA7E8B /* SwitchTableViewCell.swift */,
				1B5E36EF2401342800EA7E8B /* CustomAccessoryTableViewCell.swift */,
				1B5E37012401704000EA7E8B /* TimeTableViewCell.swift */,
				1B0A521324023DE000A7A5D2 /* CustomHeaderView.swift */,
			);
			path = Utility;
			sourceTree = "<group>";
		};
		1B5E37032401725200EA7E8B /* Nib */ = {
			isa = PBXGroup;
			children = (
				1B5E37062401732100EA7E8B /* SharedCustomCell.xib */,
				1B0A52112402361200A7A5D2 /* CustomHeader.xib */,
			);
			path = Nib;
			sourceTree = "<group>";
		};
/* End PBXGroup section */

/* Begin PBXNativeTarget section */
		1B5E36C42400FD5A00EA7E8B /* TableViewStudy */ = {
			isa = PBXNativeTarget;
			buildConfigurationList = 1B5E36D92400FD5D00EA7E8B /* Build configuration list for PBXNativeTarget "TableViewStudy" */;
			buildPhases = (
				1B5E36C12400FD5A00EA7E8B /* Sources */,
				1B5E36C22400FD5A00EA7E8B /* Frameworks */,
				1B5E36C32400FD5A00EA7E8B /* Resources */,
			);
			buildRules = (
			);
			dependencies = (
			);
			name = TableViewStudy;
			productName = TableViewStudy;
			productReference = 1B5E36C52400FD5A00EA7E8B /* TableViewStudy.app */;
			productType = "com.apple.product-type.application";
		};
/* End PBXNativeTarget section */

/* Begin PBXProject section */
		1B5E36BD2400FD5A00EA7E8B /* Project object */ = {
			isa = PBXProject;
			attributes = {
				LastSwiftUpdateCheck = 1130;
				LastUpgradeCheck = 1130;
				ORGANIZATIONNAME = kjm;
				TargetAttributes = {
					1B5E36C42400FD5A00EA7E8B = {
						CreatedOnToolsVersion = 11.3.1;
					};
				};
			};
			buildConfigurationList = 1B5E36C02400FD5A00EA7E8B /* Build configuration list for PBXProject "TableViewStudy" */;
			compatibilityVersion = "Xcode 9.3";
			developmentRegion = en;
			hasScannedForEncodings = 0;
			knownRegions = (
				en,
				Base,
			);
			mainGroup = 1B5E36BC2400FD5A00EA7E8B;
			productRefGroup = 1B5E36C62400FD5A00EA7E8B /* Products */;
			projectDirPath = "";
			projectRoot = "";
			targets = (
				1B5E36C42400FD5A00EA7E8B /* TableViewStudy */,
			);
		};
/* End PBXProject section */

/* Begin PBXResourcesBuildPhase section */
		1B5E36C32400FD5A00EA7E8B /* Resources */ = {
			isa = PBXResourcesBuildPhase;
			buildActionMask = 2147483647;
			files = (
				1B5E36D52400FD5D00EA7E8B /* LaunchScreen.storyboard in Resources */,
				1B5E36D22400FD5D00EA7E8B /* Assets.xcassets in Resources */,
				1B0A52122402361200A7A5D2 /* CustomHeader.xib in Resources */,
				1B5E36D02400FD5A00EA7E8B /* Main.storyboard in Resources */,
				1B5E37072401732100EA7E8B /* SharedCustomCell.xib in Resources */,
			);
			runOnlyForDeploymentPostprocessing = 0;
		};
/* End PBXResourcesBuildPhase section */

/* Begin PBXSourcesBuildPhase section */
		1B5E36C12400FD5A00EA7E8B /* Sources */ = {
			isa = PBXSourcesBuildPhase;
			buildActionMask = 2147483647;
			files = (
				1B5E36FE2401660300EA7E8B /* WorldTime.swift in Sources */,
				1B5E36EE24012E4B00EA7E8B /* AccessoryViewViewController.swift in Sources */,
				1B0A5210240233FC00A7A5D2 /* SelectionHeaderAndFooternIBViewController.swift in Sources */,
				1B5E36E824011CA700EA7E8B /* SeparatorViewController.swift in Sources */,
				1B5E370024016C0A00EA7E8B /* CustomCellUITableViewCellViewController.swift in Sources */,
				1B5E36FA24015D6E00EA7E8B /* SelfSizingCellViewController.swift in Sources */,
				1B5E36E124010FCB00EA7E8B /* MultiSectionTableViewViewController.swift in Sources */,
				1B0A520424022E1500A7A5D2 /* SelectionHeaderAndFooterDelegateViewController.swift in Sources */,
				1B0A521424023DE000A7A5D2 /* CustomHeaderView.swift in Sources */,
				1B0A521F24028EF100A7A5D2 /* SingleSelectionViewController.swift in Sources */,
				1B0A520624022E6400A7A5D2 /* Resion.swift in Sources */,
				1B5E36FC240165D300EA7E8B /* CustomCellTagViewController.swift in Sources */,
				1B5E36CD2400FD5A00EA7E8B /* ViewController.swift in Sources */,
				1B5E36E624011BAB00EA7E8B /* SwitchTableViewCell.swift in Sources */,
				1B5E37052401729000EA7E8B /* CustomCellNibViewController.swift in Sources */,
				1B5E36C92400FD5A00EA7E8B /* AppDelegate.swift in Sources */,
				1B5E36EA240123B600EA7E8B /* TableViewCellViewController.swift in Sources */,
				1B5E36F02401342800EA7E8B /* CustomAccessoryTableViewCell.swift in Sources */,
				1B5E36DE24010C6400EA7E8B /* DelegatePatternViewController.swift in Sources */,
				1B0A52192402831D00A7A5D2 /* SectionIndexViewController.swift in Sources */,
				1B5E36EC2401288700EA7E8B /* DetailViewController.swift in Sources */,
				1B0A521C2402877600A7A5D2 /* HeaderFooterViewController.swift in Sources */,
				1B5E37022401704000EA7E8B /* TimeTableViewCell.swift in Sources */,
				1B5E36CB2400FD5A00EA7E8B /* SceneDelegate.swift in Sources */,
				1B5E36E32401101D00EA7E8B /* PhotosSetting.swift in Sources */,
			);
			runOnlyForDeploymentPostprocessing = 0;
		};
/* End PBXSourcesBuildPhase section */

/* Begin PBXVariantGroup section */
		1B5E36CE2400FD5A00EA7E8B /* Main.storyboard */ = {
			isa = PBXVariantGroup;
			children = (
				1B5E36CF2400FD5A00EA7E8B /* Base */,
			);
			name = Main.storyboard;
			sourceTree = "<group>";
		};
		1B5E36D32400FD5D00EA7E8B /* LaunchScreen.storyboard */ = {
			isa = PBXVariantGroup;
			children = (
				1B5E36D42400FD5D00EA7E8B /* Base */,
			);
			name = LaunchScreen.storyboard;
			sourceTree = "<group>";
		};
/* End PBXVariantGroup section */

/* Begin XCBuildConfiguration section */
		1B5E36D72400FD5D00EA7E8B /* Debug */ = {
			isa = XCBuildConfiguration;
			buildSettings = {
				ALWAYS_SEARCH_USER_PATHS = NO;
				CLANG_ANALYZER_NONNULL = YES;
				CLANG_ANALYZER_NUMBER_OBJECT_CONVERSION = YES_AGGRESSIVE;
				CLANG_CXX_LANGUAGE_STANDARD = "gnu++14";
				CLANG_CXX_LIBRARY = "libc++";
				CLANG_ENABLE_MODULES = YES;
				CLANG_ENABLE_OBJC_ARC = YES;
				CLANG_ENABLE_OBJC_WEAK = YES;
				CLANG_WARN_BLOCK_CAPTURE_AUTORELEASING = YES;
				CLANG_WARN_BOOL_CONVERSION = YES;
				CLANG_WARN_COMMA = YES;
				CLANG_WARN_CONSTANT_CONVERSION = YES;
				CLANG_WARN_DEPRECATED_OBJC_IMPLEMENTATIONS = YES;
				CLANG_WARN_DIRECT_OBJC_ISA_USAGE = YES_ERROR;
				CLANG_WARN_DOCUMENTATION_COMMENTS = YES;
				CLANG_WARN_EMPTY_BODY = YES;
				CLANG_WARN_ENUM_CONVERSION = YES;
				CLANG_WARN_INFINITE_RECURSION = YES;
				CLANG_WARN_INT_CONVERSION = YES;
				CLANG_WARN_NON_LITERAL_NULL_CONVERSION = YES;
				CLANG_WARN_OBJC_IMPLICIT_RETAIN_SELF = YES;
				CLANG_WARN_OBJC_LITERAL_CONVERSION = YES;
				CLANG_WARN_OBJC_ROOT_CLASS = YES_ERROR;
				CLANG_WARN_RANGE_LOOP_ANALYSIS = YES;
				CLANG_WARN_STRICT_PROTOTYPES = YES;
				CLANG_WARN_SUSPICIOUS_MOVE = YES;
				CLANG_WARN_UNGUARDED_AVAILABILITY = YES_AGGRESSIVE;
				CLANG_WARN_UNREACHABLE_CODE = YES;
				CLANG_WARN__DUPLICATE_METHOD_MATCH = YES;
				COPY_PHASE_STRIP = NO;
				DEBUG_INFORMATION_FORMAT = dwarf;
				ENABLE_STRICT_OBJC_MSGSEND = YES;
				ENABLE_TESTABILITY = YES;
				GCC_C_LANGUAGE_STANDARD = gnu11;
				GCC_DYNAMIC_NO_PIC = NO;
				GCC_NO_COMMON_BLOCKS = YES;
				GCC_OPTIMIZATION_LEVEL = 0;
				GCC_PREPROCESSOR_DEFINITIONS = (
					"DEBUG=1",
					"$(inherited)",
				);
				GCC_WARN_64_TO_32_BIT_CONVERSION = YES;
				GCC_WARN_ABOUT_RETURN_TYPE = YES_ERROR;
				GCC_WARN_UNDECLARED_SELECTOR = YES;
				GCC_WARN_UNINITIALIZED_AUTOS = YES_AGGRESSIVE;
				GCC_WARN_UNUSED_FUNCTION = YES;
				GCC_WARN_UNUSED_VARIABLE = YES;
				IPHONEOS_DEPLOYMENT_TARGET = 13.2;
				MTL_ENABLE_DEBUG_INFO = INCLUDE_SOURCE;
				MTL_FAST_MATH = YES;
				ONLY_ACTIVE_ARCH = YES;
				SDKROOT = iphoneos;
				SWIFT_ACTIVE_COMPILATION_CONDITIONS = DEBUG;
				SWIFT_OPTIMIZATION_LEVEL = "-Onone";
			};
			name = Debug;
		};
		1B5E36D82400FD5D00EA7E8B /* Release */ = {
			isa = XCBuildConfiguration;
			buildSettings = {
				ALWAYS_SEARCH_USER_PATHS = NO;
				CLANG_ANALYZER_NONNULL = YES;
				CLANG_ANALYZER_NUMBER_OBJECT_CONVERSION = YES_AGGRESSIVE;
				CLANG_CXX_LANGUAGE_STANDARD = "gnu++14";
				CLANG_CXX_LIBRARY = "libc++";
				CLANG_ENABLE_MODULES = YES;
				CLANG_ENABLE_OBJC_ARC = YES;
				CLANG_ENABLE_OBJC_WEAK = YES;
				CLANG_WARN_BLOCK_CAPTURE_AUTORELEASING = YES;
				CLANG_WARN_BOOL_CONVERSION = YES;
				CLANG_WARN_COMMA = YES;
				CLANG_WARN_CONSTANT_CONVERSION = YES;
				CLANG_WARN_DEPRECATED_OBJC_IMPLEMENTATIONS = YES;
				CLANG_WARN_DIRECT_OBJC_ISA_USAGE = YES_ERROR;
				CLANG_WARN_DOCUMENTATION_COMMENTS = YES;
				CLANG_WARN_EMPTY_BODY = YES;
				CLANG_WARN_ENUM_CONVERSION = YES;
				CLANG_WARN_INFINITE_RECURSION = YES;
				CLANG_WARN_INT_CONVERSION = YES;
				CLANG_WARN_NON_LITERAL_NULL_CONVERSION = YES;
				CLANG_WARN_OBJC_IMPLICIT_RETAIN_SELF = YES;
				CLANG_WARN_OBJC_LITERAL_CONVERSION = YES;
				CLANG_WARN_OBJC_ROOT_CLASS = YES_ERROR;
				CLANG_WARN_RANGE_LOOP_ANALYSIS = YES;
				CLANG_WARN_STRICT_PROTOTYPES = YES;
				CLANG_WARN_SUSPICIOUS_MOVE = YES;
				CLANG_WARN_UNGUARDED_AVAILABILITY = YES_AGGRESSIVE;
				CLANG_WARN_UNREACHABLE_CODE = YES;
				CLANG_WARN__DUPLICATE_METHOD_MATCH = YES;
				COPY_PHASE_STRIP = NO;
				DEBUG_INFORMATION_FORMAT = "dwarf-with-dsym";
				ENABLE_NS_ASSERTIONS = NO;
				ENABLE_STRICT_OBJC_MSGSEND = YES;
				GCC_C_LANGUAGE_STANDARD = gnu11;
				GCC_NO_COMMON_BLOCKS = YES;
				GCC_WARN_64_TO_32_BIT_CONVERSION = YES;
				GCC_WARN_ABOUT_RETURN_TYPE = YES_ERROR;
				GCC_WARN_UNDECLARED_SELECTOR = YES;
				GCC_WARN_UNINITIALIZED_AUTOS = YES_AGGRESSIVE;
				GCC_WARN_UNUSED_FUNCTION = YES;
				GCC_WARN_UNUSED_VARIABLE = YES;
				IPHONEOS_DEPLOYMENT_TARGET = 13.2;
				MTL_ENABLE_DEBUG_INFO = NO;
				MTL_FAST_MATH = YES;
				SDKROOT = iphoneos;
				SWIFT_COMPILATION_MODE = wholemodule;
				SWIFT_OPTIMIZATION_LEVEL = "-O";
				VALIDATE_PRODUCT = YES;
			};
			name = Release;
		};
		1B5E36DA2400FD5D00EA7E8B /* Debug */ = {
			isa = XCBuildConfiguration;
			buildSettings = {
				ASSETCATALOG_COMPILER_APPICON_NAME = AppIcon;
				CODE_SIGN_STYLE = Automatic;
				INFOPLIST_FILE = TableViewStudy/Info.plist;
				IPHONEOS_DEPLOYMENT_TARGET = 12.0;
				LD_RUNPATH_SEARCH_PATHS = (
					"$(inherited)",
					"@executable_path/Frameworks",
				);
				PRODUCT_BUNDLE_IDENTIFIER = com.kjm.TableViewStudy;
				PRODUCT_NAME = "$(TARGET_NAME)";
				SWIFT_VERSION = 5.0;
				TARGETED_DEVICE_FAMILY = "1,2";
			};
			name = Debug;
		};
		1B5E36DB2400FD5D00EA7E8B /* Release */ = {
			isa = XCBuildConfiguration;
			buildSettings = {
				ASSETCATALOG_COMPILER_APPICON_NAME = AppIcon;
				CODE_SIGN_STYLE = Automatic;
				INFOPLIST_FILE = TableViewStudy/Info.plist;
				IPHONEOS_DEPLOYMENT_TARGET = 12.0;
				LD_RUNPATH_SEARCH_PATHS = (
					"$(inherited)",
					"@executable_path/Frameworks",
				);
				PRODUCT_BUNDLE_IDENTIFIER = com.kjm.TableViewStudy;
				PRODUCT_NAME = "$(TARGET_NAME)";
				SWIFT_VERSION = 5.0;
				TARGETED_DEVICE_FAMILY = "1,2";
			};
			name = Release;
		};
/* End XCBuildConfiguration section */

/* Begin XCConfigurationList section */
		1B5E36C02400FD5A00EA7E8B /* Build configuration list for PBXProject "TableViewStudy" */ = {
			isa = XCConfigurationList;
			buildConfigurations = (
				1B5E36D72400FD5D00EA7E8B /* Debug */,
				1B5E36D82400FD5D00EA7E8B /* Release */,
			);
			defaultConfigurationIsVisible = 0;
			defaultConfigurationName = Release;
		};
		1B5E36D92400FD5D00EA7E8B /* Build configuration list for PBXNativeTarget "TableViewStudy" */ = {
			isa = XCConfigurationList;
			buildConfigurations = (
				1B5E36DA2400FD5D00EA7E8B /* Debug */,
				1B5E36DB2400FD5D00EA7E8B /* Release */,
			);
			defaultConfigurationIsVisible = 0;
			defaultConfigurationName = Release;
		};
/* End XCConfigurationList section */
	};
	rootObject = 1B5E36BD2400FD5A00EA7E8B /* Project object */;
}
